# THIS IS AN AUTOGENERATED FILE. DO NOT EDIT THIS FILE DIRECTLY.
# yarn lockfile v1


"@babel/generator@^7.28.5":
  version "7.29.1"
  resolved "https://registry.npmjs.org/@babel/generator/-/generator-7.29.1.tgz"
  integrity sha512-qsaF+9Qcm2Qv8SRIMMscAvG4O3lJ0F1GuMo5HR/Bp02LopNgnZBC/EkbevHFeGs4ls/oPz9v+Bsmzbkbe+0dUw==
  dependencies:
    "@babel/parser" "^7.29.0"
    "@babel/types" "^7.29.0"
    "@jridgewell/gen-mapping" "^0.3.12"
    "@jridgewell/trace-mapping" "^0.3.28"
    jsesc "^3.0.2"

"@babel/helper-string-parser@^7.27.1":
  version "7.27.1"
  resolved "https://registry.npmjs.org/@babel/helper-string-parser/-/helper-string-parser-7.27.1.tgz"
  integrity sha512-qMlSxKbpRlAridDExk92nSobyDdpPijUq2DW6oDnUqd0iOGxmQjyqhMIihI9+zv4LPyZdRje2cavWPbCbWm3eA==

"@babel/helper-validator-identifier@^7.28.5":
  version "7.28.5"
  resolved "https://registry.npmjs.org/@babel/helper-validator-identifier/-/helper-validator-identifier-7.28.5.tgz"
  integrity sha512-qSs4ifwzKJSV39ucNjsvc6WVHs6b7S03sOh2OcHF9UHfVPqWWALUsNUVzhSBiItjRZoLHx7nIarVjqKVusUZ1Q==

"@babel/parser@^7.28.5", "@babel/parser@^7.29.0":
  version "7.29.0"
  resolved "https://registry.npmjs.org/@babel/parser/-/parser-7.29.0.tgz"
  integrity sha512-IyDgFV5GeDUVX4YdF/3CPULtVGSXXMLh1xVIgdCgxApktqnQV0r7/8Nqthg+8YLGaAtdyIlo2qIdZrbCv4+7ww==
  dependencies:
    "@babel/types" "^7.29.0"

"@babel/types@^7.28.5", "@babel/types@^7.29.0":
  version "7.29.0"
  resolved "https://registry.npmjs.org/@babel/types/-/types-7.29.0.tgz"
  integrity sha512-LwdZHpScM4Qz8Xw2iKSzS+cfglZzJGvofQICy7W7v4caru4EaAmyUuO6BGrbyQ2mYV11W0U8j5mBhd14dd3B0A==
  dependencies:
    "@babel/helper-string-parser" "^7.27.1"
    "@babel/helper-validator-identifier" "^7.28.5"

"@bcoe/v8-coverage@^1.0.2":
  version "1.0.2"
  resolved "https://registry.npmjs.org/@bcoe/v8-coverage/-/v8-coverage-1.0.2.tgz"
  integrity sha512-6zABk/ECA/QYSCQ1NGiVwwbQerUCZ+TQbp64Q3AgmfNvurHH0j8TtXa1qbShXA6qqkpAj4V5W8pP6mLe1mcMqA==

"@emnapi/core@^1.7.1":
  version "1.8.1"
  resolved "https://registry.npmjs.org/@emnapi/core/-/core-1.8.1.tgz"
  integrity sha512-AvT9QFpxK0Zd8J0jopedNm+w/2fIzvtPKPjqyw9jwvBaReTTqPBk9Hixaz7KbjimP+QNz605/XnjFcDAL2pqBg==
  dependencies:
    "@emnapi/wasi-threads" "1.1.0"
    tslib "^2.4.0"

"@emnapi/runtime@^1.7.1":
  version "1.8.1"
  resolved "https://registry.npmjs.org/@emnapi/runtime/-/runtime-1.8.1.tgz"
  integrity sha512-mehfKSMWjjNol8659Z8KxEMrdSJDDot5SXMq00dM8BN4o+CLNXQ0xH2V7EchNHV4RmbZLmmPdEaXZc5H2FXmDg==
  dependencies:
    tslib "^2.4.0"

"@emnapi/wasi-threads@1.1.0":
  version "1.1.0"
  resolved "https://registry.npmjs.org/@emnapi/wasi-threads/-/wasi-threads-1.1.0.tgz"
  integrity sha512-WI0DdZ8xFSbgMjR1sFsKABJ/C5OnRrjT06JXbZKexJGrDuPTzZdDYfFlsgcCXCyf+suG5QU2e/y1Wo2V/OapLQ==
  dependencies:
    tslib "^2.4.0"

"@esbuild/win32-x64@0.27.3":
  version "0.27.3"
  resolved "https://registry.npmjs.org/@esbuild/win32-x64/-/win32-x64-0.27.3.tgz"
  integrity sha512-4uJGhsxuptu3OcpVAzli+/gWusVGwZZHTlS63hh++ehExkVT8SgiEf7/uC/PclrPPkLhZqGgCTjd0VWLo6xMqA==

"@gerrit0/mini-shiki@^3.17.0":
  version "3.22.0"
  resolved "https://registry.npmjs.org/@gerrit0/mini-shiki/-/mini-shiki-3.22.0.tgz"
  integrity sha512-jMpciqEVUBKE1QwU64S4saNMzpsSza6diNCk4MWAeCxO2+LFi2FIFmL2S0VDLzEJCxuvCbU783xi8Hp/gkM5CQ==
  dependencies:
    "@shikijs/engine-oniguruma" "^3.22.0"
    "@shikijs/langs" "^3.22.0"
    "@shikijs/themes" "^3.22.0"
    "@shikijs/types" "^3.22.0"
    "@shikijs/vscode-textmate" "^10.0.2"

"@jridgewell/gen-mapping@^0.3.12":
  version "0.3.13"
  resolved "https://registry.npmjs.org/@jridgewell/gen-mapping/-/gen-mapping-0.3.13.tgz"
  integrity sha512-2kkt/7niJ6MgEPxF0bYdQ6etZaA+fQvDcLKckhy1yIQOzaoKjBBjSj63/aLVjYE3qhRt5dvM+uUyfCg6UKCBbA==
  dependencies:
    "@jridgewell/sourcemap-codec" "^1.5.0"
    "@jridgewell/trace-mapping" "^0.3.24"

"@jridgewell/resolve-uri@^3.1.0":
  version "3.1.2"
  resolved "https://registry.npmjs.org/@jridgewell/resolve-uri/-/resolve-uri-3.1.2.tgz"
  integrity sha512-bRISgCIjP20/tbWSPWMEi54QVPRZExkuD9lJL+UIxUKtwVJA8wW1Trb1jMs1RFXo1CBTNZ/5hpC9QvmKWdopKw==

"@jridgewell/sourcemap-codec@^1.4.14", "@jridgewell/sourcemap-codec@^1.5.0", "@jridgewell/sourcemap-codec@^1.5.5":
  version "1.5.5"
  resolved "https://registry.npmjs.org/@jridgewell/sourcemap-codec/-/sourcemap-codec-1.5.5.tgz"
  integrity sha512-cYQ9310grqxueWbl+WuIUIaiUaDcj7WOq5fVhEljNVgRfOUhY9fy2zTvfoqWsnebh8Sl70VScFbICvJnLKB0Og==

"@jridgewell/trace-mapping@^0.3.24", "@jridgewell/trace-mapping@^0.3.28", "@jridgewell/trace-mapping@^0.3.31":
  version "0.3.31"
  resolved "https://registry.npmjs.org/@jridgewell/trace-mapping/-/trace-mapping-0.3.31.tgz"
  integrity sha512-zzNR+SdQSDJzc8joaeP8QQoCQr8NuYx2dIIytl1QeBEZHJ9uW6hebsrYgbz8hJwUQao3TWCMtmfV8Nu1twOLAw==
  dependencies:
    "@jridgewell/resolve-uri" "^3.1.0"
    "@jridgewell/sourcemap-codec" "^1.4.14"

"@oxc-project/types@=0.112.0":
  version "0.112.0"
  resolved "https://registry.npmjs.org/@oxc-project/types/-/types-0.112.0.tgz"
  integrity sha512-m6RebKHIRsax2iCwVpYW2ErQwa4ywHJrE4sCK3/8JK8ZZAWOKXaRJFl/uP51gaVyyXlaS4+chU1nSCdzYf6QqQ==

"@oxc-project/types@=0.99.0":
  version "0.99.0"
  resolved "https://registry.npmjs.org/@oxc-project/types/-/types-0.99.0.tgz"
  integrity sha512-LLDEhXB7g1m5J+woRSgfKsFPS3LhR9xRhTeIoEBm5WrkwMxn6eZ0Ld0c0K5eHB57ChZX6I3uSmmLjZ8pcjlRcw==

"@quansync/fs@^1.0.0":
  version "1.0.0"
  resolved "https://registry.npmjs.org/@quansync/fs/-/fs-1.0.0.tgz"
  integrity sha512-4TJ3DFtlf1L5LDMaM6CanJ/0lckGNtJcMjQ1NAV6zDmA0tEHKZtxNKin8EgPaVX1YzljbxckyT2tJrpQKAtngQ==
  dependencies:
    quansync "^1.0.0"

"@rolldown/binding-win32-x64-msvc@1.0.0-beta.52":
  version "1.0.0-beta.52"
  resolved "https://registry.npmjs.org/@rolldown/binding-win32-x64-msvc/-/binding-win32-x64-msvc-1.0.0-beta.52.tgz"
  integrity sha512-tzpnRQXJrSzb8Z9sm97UD3cY0toKOImx+xRKsDLX4zHaAlRXWh7jbaKBePJXEN7gNw7Nm03PBNwphdtA8KSUYQ==

"@rolldown/binding-win32-x64-msvc@1.0.0-rc.3":
  version "1.0.0-rc.3"
  resolved "https://registry.npmjs.org/@rolldown/binding-win32-x64-msvc/-/binding-win32-x64-msvc-1.0.0-rc.3.tgz"
  integrity sha512-a4VUQZH7LxGbUJ3qJ/TzQG8HxdHvf+jOnqf7B7oFx1TEBm+j2KNL2zr5SQ7wHkNAcaPevF6gf9tQnVBnC4mD+A==

"@rolldown/pluginutils@1.0.0-beta.52":
  version "1.0.0-beta.52"
  resolved "https://registry.npmjs.org/@rolldown/pluginutils/-/pluginutils-1.0.0-beta.52.tgz"
  integrity sha512-/L0htLJZbaZFL1g9OHOblTxbCYIGefErJjtYOwgl9ZqNx27P3L0SDfjhhHIss32gu5NWgnxuT2a2Hnnv6QGHKA==

"@rolldown/pluginutils@1.0.0-rc.3":
  version "1.0.0-rc.3"
  resolved "https://registry.npmjs.org/@rolldown/pluginutils/-/pluginutils-1.0.0-rc.3.tgz"
  integrity sha512-eybk3TjzzzV97Dlj5c+XrBFW57eTNhzod66y9HrBlzJ6NsCrWCp/2kaPS3K9wJmurBC0Tdw4yPjXKZqlznim3Q==

"@rollup/rollup-win32-x64-gnu@4.57.1":
  version "4.57.1"
  resolved "https://registry.npmjs.org/@rollup/rollup-win32-x64-gnu/-/rollup-win32-x64-gnu-4.57.1.tgz"
  integrity sha512-VMBH2eOOaKGtIJYleXsi2B8CPVADrh+TyNxJ4mWPnKfLB/DBUmzW+5m1xUrcwWoMfSLagIRpjUFeW5CO5hyciQ==

"@rollup/rollup-win32-x64-msvc@4.57.1":
  version "4.57.1"
  resolved "https://registry.npmjs.org/@rollup/rollup-win32-x64-msvc/-/rollup-win32-x64-msvc-4.57.1.tgz"
  integrity sha512-mxRFDdHIWRxg3UfIIAwCm6NzvxG0jDX/wBN6KsQFTvKFqqg9vTrWUE68qEjHt19A5wwx5X5aUi2zuZT7YR0jrA==

"@shikijs/engine-oniguruma@^3.22.0":
  version "3.22.0"
  resolved "https://registry.npmjs.org/@shikijs/engine-oniguruma/-/engine-oniguruma-3.22.0.tgz"
  integrity sha512-DyXsOG0vGtNtl7ygvabHd7Mt5EY8gCNqR9Y7Lpbbd/PbJvgWrqaKzH1JW6H6qFkuUa8aCxoiYVv8/YfFljiQxA==
  dependencies:
    "@shikijs/types" "3.22.0"
    "@shikijs/vscode-textmate" "^10.0.2"

"@shikijs/langs@^3.22.0":
  version "3.22.0"
  resolved "https://registry.npmjs.org/@shikijs/langs/-/langs-3.22.0.tgz"
  integrity sha512-x/42TfhWmp6H00T6uwVrdTJGKgNdFbrEdhaDwSR5fd5zhQ1Q46bHq9EO61SCEWJR0HY7z2HNDMaBZp8JRmKiIA==
  dependencies:
    "@shikijs/types" "3.22.0"

"@shikijs/themes@^3.22.0":
  version "3.22.0"
  resolved "https://registry.npmjs.org/@shikijs/themes/-/themes-3.22.0.tgz"
  integrity sha512-o+tlOKqsr6FE4+mYJG08tfCFDS+3CG20HbldXeVoyP+cYSUxDhrFf3GPjE60U55iOkkjbpY2uC3It/eeja35/g==
  dependencies:
    "@shikijs/types" "3.22.0"

"@shikijs/types@^3.22.0", "@shikijs/types@3.22.0":
  version "3.22.0"
  resolved "https://registry.npmjs.org/@shikijs/types/-/types-3.22.0.tgz"
  integrity sha512-491iAekgKDBFE67z70Ok5a8KBMsQ2IJwOWw3us/7ffQkIBCyOQfm/aNwVMBUriP02QshIfgHCBSIYAl3u2eWjg==
  dependencies:
    "@shikijs/vscode-textmate" "^10.0.2"
    "@types/hast" "^3.0.4"

"@shikijs/vscode-textmate@^10.0.2":
  version "10.0.2"
  resolved "https://registry.npmjs.org/@shikijs/vscode-textmate/-/vscode-textmate-10.0.2.tgz"
  integrity sha512-83yeghZ2xxin3Nj8z1NMd/NCuca+gsYXswywDy5bHvwlWL8tpTQmzGeUuHd9FC3E/SBEMvzJRwWEOz5gGes9Qg==

"@standard-schema/spec@^1.0.0":
  version "1.1.0"
  resolved "https://registry.npmjs.org/@standard-schema/spec/-/spec-1.1.0.tgz"
  integrity sha512-l2aFy5jALhniG5HgqrD6jXLi/rUWrKvqN/qJx6yoJsgKhblVd+iqqU4RCXavm/jPityDo5TCvKMnpjKnOriy0w==

"@tybys/wasm-util@^0.10.1":
  version "0.10.1"
  resolved "https://registry.npmjs.org/@tybys/wasm-util/-/wasm-util-0.10.1.tgz"
  integrity sha512-9tTaPJLSiejZKx+Bmog4uSubteqTvFrVrURwkmHixBo0G4seD0zUxp98E1DzUBJxLQ3NPwXrGKDiVjwx/DpPsg==
  dependencies:
    tslib "^2.4.0"

"@types/chai@^5.2.2":
  version "5.2.3"
  resolved "https://registry.npmjs.org/@types/chai/-/chai-5.2.3.tgz"
  integrity sha512-Mw558oeA9fFbv65/y4mHtXDs9bPnFMZAL/jxdPFUpOHHIXX91mcgEHbS5Lahr+pwZFR8A7GQleRWeI6cGFC2UA==
  dependencies:
    "@types/deep-eql" "*"
    assertion-error "^2.0.1"

"@types/deep-eql@*":
  version "4.0.2"
  resolved "https://registry.npmjs.org/@types/deep-eql/-/deep-eql-4.0.2.tgz"
  integrity sha512-c9h9dVVMigMPc4bwTvC5dxqtqJZwQPePsWjPlpSOnojbor6pGqdk541lfA7AqFQr5pB1BRdq0juY9db81BwyFw==

"@types/estree@^1.0.0", "@types/estree@1.0.8":
  version "1.0.8"
  resolved "https://registry.npmjs.org/@types/estree/-/estree-1.0.8.tgz"
  integrity sha512-dWHzHa2WqEXI/O1E9OjrocMTKJl2mSrEolh1Iomrv6U+JuNwaHXsXx9bLu5gG7BUWFIN0skIQJQ/L1rIex4X6w==

"@types/hast@^3.0.4":
  version "3.0.4"
  resolved "https://registry.npmjs.org/@types/hast/-/hast-3.0.4.tgz"
  integrity sha512-WPs+bbQw5aCj+x6laNGWLH3wviHtoCv/P3+otBhbOhJgG8qtpdAMlTCxLtsTWA7LH1Oh/bFCHsBn0TPS5m30EQ==
  dependencies:
    "@types/unist" "*"

"@types/node@^20.0.0 || ^22.0.0 || >=24.0.0", "@types/node@^20.19.0 || >=22.12.0", "@types/node@^24.3.0":
  version "24.3.0"
  resolved "https://registry.npmjs.org/@types/node/-/node-24.3.0.tgz"
  integrity sha512-aPTXCrfwnDLj4VvXrm+UUCQjNEvJgNA8s5F1cvwQU+3KNltTOkBm1j30uNLyqqPNe7gE3KFzImYoZEfLhp4Yow==
  dependencies:
    undici-types "~7.10.0"

"@types/unist@*":
  version "3.0.3"
  resolved "https://registry.npmjs.org/@types/unist/-/unist-3.0.3.tgz"
  integrity sha512-ko/gIFJRv177XgZsZcBwnqJN5x/Gien8qNOn0D5bQU/zAzVf9Zt3BlcUiLqhV9y4ARk0GbT3tnUiPNgnTXzc/Q==

"@vitest/coverage-v8@^4.0.7":
  version "4.0.18"
  resolved "https://registry.npmjs.org/@vitest/coverage-v8/-/coverage-v8-4.0.18.tgz"
  integrity sha512-7i+N2i0+ME+2JFZhfuz7Tg/FqKtilHjGyGvoHYQ6iLV0zahbsJ9sljC9OcFcPDbhYKCet+sG8SsVqlyGvPflZg==
  dependencies:
    "@bcoe/v8-coverage" "^1.0.2"
    "@vitest/utils" "4.0.18"
    ast-v8-to-istanbul "^0.3.10"
    istanbul-lib-coverage "^3.2.2"
    istanbul-lib-report "^3.0.1"
    istanbul-reports "^3.2.0"
    magicast "^0.5.1"
    obug "^2.1.1"
    std-env "^3.10.0"
    tinyrainbow "^3.0.3"

"@vitest/expect@4.0.18":
  version "4.0.18"
  resolved "https://registry.npmjs.org/@vitest/expect/-/expect-4.0.18.tgz"
  integrity sha512-8sCWUyckXXYvx4opfzVY03EOiYVxyNrHS5QxX3DAIi5dpJAAkyJezHCP77VMX4HKA2LDT/Jpfo8i2r5BE3GnQQ==
  dependencies:
    "@standard-schema/spec" "^1.0.0"
    "@types/chai" "^5.2.2"
    "@vitest/spy" "4.0.18"
    "@vitest/utils" "4.0.18"
    chai "^6.2.1"
    tinyrainbow "^3.0.3"

"@vitest/mocker@4.0.18":
  version "4.0.18"
  resolved "https://registry.npmjs.org/@vitest/mocker/-/mocker-4.0.18.tgz"
  integrity sha512-HhVd0MDnzzsgevnOWCBj5Otnzobjy5wLBe4EdeeFGv8luMsGcYqDuFRMcttKWZA5vVO8RFjexVovXvAM4JoJDQ==
  dependencies:
    "@vitest/spy" "4.0.18"
    estree-walker "^3.0.3"
    magic-string "^0.30.21"

"@vitest/pretty-format@4.0.18":
  version "4.0.18"
  resolved "https://registry.npmjs.org/@vitest/pretty-format/-/pretty-format-4.0.18.tgz"
  integrity sha512-P24GK3GulZWC5tz87ux0m8OADrQIUVDPIjjj65vBXYG17ZeU3qD7r+MNZ1RNv4l8CGU2vtTRqixrOi9fYk/yKw==
  dependencies:
    tinyrainbow "^3.0.3"

"@vitest/runner@4.0.18":
  version "4.0.18"
  resolved "https://registry.npmjs.org/@vitest/runner/-/runner-4.0.18.tgz"
  integrity sha512-rpk9y12PGa22Jg6g5M3UVVnTS7+zycIGk9ZNGN+m6tZHKQb7jrP7/77WfZy13Y/EUDd52NDsLRQhYKtv7XfPQw==
  dependencies:
    "@vitest/utils" "4.0.18"
    pathe "^2.0.3"

"@vitest/snapshot@4.0.18":
  version "4.0.18"
  resolved "https://registry.npmjs.org/@vitest/snapshot/-/snapshot-4.0.18.tgz"
  integrity sha512-PCiV0rcl7jKQjbgYqjtakly6T1uwv/5BQ9SwBLekVg/EaYeQFPiXcgrC2Y7vDMA8dM1SUEAEV82kgSQIlXNMvA==
  dependencies:
    "@vitest/pretty-format" "4.0.18"
    magic-string "^0.30.21"
    pathe "^2.0.3"

"@vitest/spy@4.0.18":
  version "4.0.18"
  resolved "https://registry.npmjs.org/@vitest/spy/-/spy-4.0.18.tgz"
  integrity sha512-cbQt3PTSD7P2OARdVW3qWER5EGq7PHlvE+QfzSC0lbwO+xnt7+XH06ZzFjFRgzUX//JmpxrCu92VdwvEPlWSNw==

"@vitest/utils@4.0.18":
  version "4.0.18"
  resolved "https://registry.npmjs.org/@vitest/utils/-/utils-4.0.18.tgz"
  integrity sha512-msMRKLMVLWygpK3u2Hybgi4MNjcYJvwTb0Ru09+fOyCXIgT5raYP041DRRdiJiI3k/2U6SEbAETB3YtBrUkCFA==
  dependencies:
    "@vitest/pretty-format" "4.0.18"
    tinyrainbow "^3.0.3"

ansis@^4.2.0:
  version "4.2.0"
  resolved "https://registry.npmjs.org/ansis/-/ansis-4.2.0.tgz"
  integrity sha512-HqZ5rWlFjGiV0tDm3UxxgNRqsOTniqoKZu0pIAfh7TZQMGuZK+hH0drySty0si0QXj1ieop4+SkSfPZBPPkHig==

argparse@^2.0.1:
  version "2.0.1"
  resolved "https://registry.npmjs.org/argparse/-/argparse-2.0.1.tgz"
  integrity sha512-8+9WqebbFzpX9OR+Wa6O29asIogeRMzcGtAINdpMHHyAg10f05aSFVBbcEqGf/PXw1EjAZ+q2/bEBg3DvurK3Q==

assertion-error@^2.0.1:
  version "2.0.1"
  resolved "https://registry.npmjs.org/assertion-error/-/assertion-error-2.0.1.tgz"
  integrity sha512-Izi8RQcffqCeNVgFigKli1ssklIbpHnCYc6AknXGYoB6grJqyeby7jv12JUQgmTAnIDnbck1uxksT4dzN3PWBA==

ast-kit@^2.2.0:
  version "2.2.0"
  resolved "https://registry.npmjs.org/ast-kit/-/ast-kit-2.2.0.tgz"
  integrity sha512-m1Q/RaVOnTp9JxPX+F+Zn7IcLYMzM8kZofDImfsKZd8MbR+ikdOzTeztStWqfrqIxZnYWryyI9ePm3NGjnZgGw==
  dependencies:
    "@babel/parser" "^7.28.5"
    pathe "^2.0.3"

ast-v8-to-istanbul@^0.3.10:
  version "0.3.11"
  resolved "https://registry.npmjs.org/ast-v8-to-istanbul/-/ast-v8-to-istanbul-0.3.11.tgz"
  integrity sha512-Qya9fkoofMjCBNVdWINMjB5KZvkYfaO9/anwkWnjxibpWUxo5iHl2sOdP7/uAqaRuUYuoo8rDwnbaaKVFxoUvw==
  dependencies:
    "@jridgewell/trace-mapping" "^0.3.31"
    estree-walker "^3.0.3"
    js-tokens "^10.0.0"

balanced-match@^1.0.0:
  version "1.0.2"
  resolved "https://registry.npmjs.org/balanced-match/-/balanced-match-1.0.2.tgz"
  integrity sha512-3oSeUO0TMV67hN1AmbXsK4yaqU7tjiHlbxRDZOpH0KW9+CeX4bRAaX0Anxt0tx2MrpRpWwQaPwIlISEJhYU5Pw==

birpc@^4.0.0:
  version "4.0.0"
  resolved "https://registry.npmjs.org/birpc/-/birpc-4.0.0.tgz"
  integrity sha512-LShSxJP0KTmd101b6DRyGBj57LZxSDYWKitQNW/mi8GRMvZb078Uf9+pveax1DrVL89vm7mWe+TovdI/UDOuPw==

brace-expansion@^2.0.1:
  version "2.0.2"
  resolved "https://registry.npmjs.org/brace-expansion/-/brace-expansion-2.0.2.tgz"
  integrity sha512-Jt0vHyM+jmUBqojB7E1NIYadt0vI0Qxjxd2TErW94wDz+E2LAm5vKMXXwg6ZZBTHPuUlDgQHKXvjGBdfcF1ZDQ==
  dependencies:
    balanced-match "^1.0.0"

cac@^6.7.14:
  version "6.7.14"
  resolved "https://registry.npmjs.org/cac/-/cac-6.7.14.tgz"
  integrity sha512-b6Ilus+c3RrdDk+JhLKUAQfzzgLEPy6wcXqS7f/xe1EETvsDP6GORG7SFuOs6cID5YkqchW/LXZbX5bc8j7ZcQ==

chai@^6.2.1:
  version "6.2.2"
  resolved "https://registry.npmjs.org/chai/-/chai-6.2.2.tgz"
  integrity sha512-NUPRluOfOiTKBKvWPtSD4PhFvWCqOi0BGStNWs57X9js7XGTprSmFoz5F0tWhR4WPjNeR9jXqdC7/UpSJTnlRg==

chokidar@^5.0.0:
  version "5.0.0"
  resolved "https://registry.npmjs.org/chokidar/-/chokidar-5.0.0.tgz"
  integrity sha512-TQMmc3w+5AxjpL8iIiwebF73dRDF4fBIieAqGn9RGCWaEVwQ6Fb2cGe31Yns0RRIzii5goJ1Y7xbMwo1TxMplw==
  dependencies:
    readdirp "^5.0.0"

diff@^8.0.2:
  version "8.0.2"
  resolved "https://registry.npmjs.org/diff/-/diff-8.0.2.tgz"
  integrity sha512-sSuxWU5j5SR9QQji/o2qMvqRNYRDOcBTgsJ/DeCf4iSN4gW+gNMXM7wFIP+fdXZxoNiAnHUTGjCr+TSWXdRDKg==

dts-resolver@^2.1.3:
  version "2.1.3"
  resolved "https://registry.npmjs.org/dts-resolver/-/dts-resolver-2.1.3.tgz"
  integrity sha512-bihc7jPC90VrosXNzK0LTE2cuLP6jr0Ro8jk+kMugHReJVLIpHz/xadeq3MhuwyO4TD4OA3L1Q8pBBFRc08Tsw==

empathic@^2.0.0:
  version "2.0.0"
  resolved "https://registry.npmjs.org/empathic/-/empathic-2.0.0.tgz"
  integrity sha512-i6UzDscO/XfAcNYD75CfICkmfLedpyPDdozrLMmQc5ORaQcdMoc21OnlEylMIqI7U8eniKrPMxxtj8k0vhmJhA==

entities@^4.4.0:
  version "4.5.0"
  resolved "https://registry.npmjs.org/entities/-/entities-4.5.0.tgz"
  integrity sha512-V0hjH4dGPh9Ao5p0MoRY6BVqtwCjhz6vI5LT8AJ55H+4g9/4vbHx1I54fS0XuclLhDHArPQCiMjDxjaL8fPxhw==

es-module-lexer@^1.7.0:
  version "1.7.0"
  resolved "https://registry.npmjs.org/es-module-lexer/-/es-module-lexer-1.7.0.tgz"
  integrity sha512-jEQoCwk8hyb2AZziIOLhDqpm5+2ww5uIE6lkO/6jcOCusfk6LhMHpXXfBLXTZ7Ydyt0j4VoUQv6uGNYbdW+kBA==

esbuild@^0.27.0:
  version "0.27.3"
  resolved "https://registry.npmjs.org/esbuild/-/esbuild-0.27.3.tgz"
  integrity sha512-8VwMnyGCONIs6cWue2IdpHxHnAjzxnw2Zr7MkVxB2vjmQ2ivqGFb4LEG3SMnv0Gb2F/G/2yA8zUaiL1gywDCCg==
  optionalDependencies:
    "@esbuild/aix-ppc64" "0.27.3"
    "@esbuild/android-arm" "0.27.3"
    "@esbuild/android-arm64" "0.27.3"
    "@esbuild/android-x64" "0.27.3"
    "@esbuild/darwin-arm64" "0.27.3"
    "@esbuild/darwin-x64" "0.27.3"
    "@esbuild/freebsd-arm64" "0.27.3"
    "@esbuild/freebsd-x64" "0.27.3"
    "@esbuild/linux-arm" "0.27.3"
    "@esbuild/linux-arm64" "0.27.3"
    "@esbuild/linux-ia32" "0.27.3"
    "@esbuild/linux-loong64" "0.27.3"
    "@esbuild/linux-mips64el" "0.27.3"
    "@esbuild/linux-ppc64" "0.27.3"
    "@esbuild/linux-riscv64" "0.27.3"
    "@esbuild/linux-s390x" "0.27.3"
    "@esbuild/linux-x64" "0.27.3"
    "@esbuild/netbsd-arm64" "0.27.3"
    "@esbuild/netbsd-x64" "0.27.3"
    "@esbuild/openbsd-arm64" "0.27.3"
    "@esbuild/openbsd-x64" "0.27.3"
    "@esbuild/openharmony-arm64" "0.27.3"
    "@esbuild/sunos-x64" "0.27.3"
    "@esbuild/win32-arm64" "0.27.3"
    "@esbuild/win32-ia32" "0.27.3"
    "@esbuild/win32-x64" "0.27.3"

estree-walker@^3.0.3:
  version "3.0.3"
  resolved "https://registry.npmjs.org/estree-walker/-/estree-walker-3.0.3.tgz"
  integrity sha512-7RUKfXgSMMkzt6ZuXmqapOurLGPPfgj6l9uRZ7lRGolvk0y2yocc35LdcxKC5PQZdn2DMqioAQ2NoWcrTKmm6g==
  dependencies:
    "@types/estree" "^1.0.0"

expect-type@^1.2.2:
  version "1.2.2"
  resolved "https://registry.npmjs.org/expect-type/-/expect-type-1.2.2.tgz"
  integrity sha512-JhFGDVJ7tmDJItKhYgJCGLOWjuK9vPxiXoUFLwLDc99NlmklilbiQJwoctZtt13+xMw91MCk/REan6MWHqDjyA==

fdir@^6.5.0:
  version "6.5.0"
  resolved "https://registry.npmjs.org/fdir/-/fdir-6.5.0.tgz"
  integrity sha512-tIbYtZbucOs0BRGqPJkshJUYdL+SDH7dVM8gjy+ERp3WAUjLEFJE+02kanyHtwjWOnwrKYBiwAmM0p4kLJAnXg==

get-tsconfig@^4.13.0:
  version "4.13.6"
  resolved "https://registry.npmjs.org/get-tsconfig/-/get-tsconfig-4.13.6.tgz"
  integrity sha512-shZT/QMiSHc/YBLxxOkMtgSid5HFoauqCE3/exfsEcwg1WkeqjG+V40yBbBrsD+jW2HDXcs28xOfcbm2jI8Ddw==
  dependencies:
    resolve-pkg-maps "^1.0.0"

has-flag@^4.0.0:
  version "4.0.0"
  resolved "https://registry.npmjs.org/has-flag/-/has-flag-4.0.0.tgz"
  integrity sha512-EykJT/Q1KjTWctppgIAgfSO0tKVuZUjhgMr17kqTumMl6Afv3EISleU7qZUzoXDFTAHTDC4NOoG/ZxU3EvlMPQ==

hookable@^5.5.3:
  version "5.5.3"
  resolved "https://registry.npmjs.org/hookable/-/hookable-5.5.3.tgz"
  integrity sha512-Yc+BQe8SvoXH1643Qez1zqLRmbA5rCL+sSmk6TVos0LWVfNIB7PGncdlId77WzLGSIB5KaWgTaNTs2lNVEI6VQ==

html-escaper@^2.0.0:
  version "2.0.2"
  resolved "https://registry.npmjs.org/html-escaper/-/html-escaper-2.0.2.tgz"
  integrity sha512-H2iMtd0I4Mt5eYiapRdIDjp+XzelXQ0tFE4JS7YFwFevXXMmOp9myNrUvCg0D6ws8iqkRPBfKHgbwig1SmlLfg==

istanbul-lib-coverage@^3.0.0, istanbul-lib-coverage@^3.2.2:
  version "3.2.2"
  resolved "https://registry.npmjs.org/istanbul-lib-coverage/-/istanbul-lib-coverage-3.2.2.tgz"
  integrity sha512-O8dpsF+r0WV/8MNRKfnmrtCWhuKjxrq2w+jpzBL5UZKTi2LeVWnWOmWRxFlesJONmc+wLAGvKQZEOanko0LFTg==

istanbul-lib-report@^3.0.0, istanbul-lib-report@^3.0.1:
  version "3.0.1"
  resolved "https://registry.npmjs.org/istanbul-lib-report/-/istanbul-lib-report-3.0.1.tgz"
  integrity sha512-GCfE1mtsHGOELCU8e/Z7YWzpmybrx/+dSTfLrvY8qRmaY6zXTKWn6WQIjaAFw069icm6GVMNkgu0NzI4iPZUNw==
  dependencies:
    istanbul-lib-coverage "^3.0.0"
    make-dir "^4.0.0"
    supports-color "^7.1.0"

istanbul-reports@^3.2.0:
  version "3.2.0"
  resolved "https://registry.npmjs.org/istanbul-reports/-/istanbul-reports-3.2.0.tgz"
  integrity sha512-HGYWWS/ehqTV3xN10i23tkPkpH46MLCIMFNCaaKNavAXTF1RkqxawEPtnjnGZ6XKSInBKkiOA5BKS+aZiY3AvA==
  dependencies:
    html-escaper "^2.0.0"
    istanbul-lib-report "^3.0.0"

js-tokens@^10.0.0:
  version "10.0.0"
  resolved "https://registry.npmjs.org/js-tokens/-/js-tokens-10.0.0.tgz"
  integrity sha512-lM/UBzQmfJRo9ABXbPWemivdCW8V2G8FHaHdypQaIy523snUjog0W71ayWXTjiR+ixeMyVHN2XcpnTd/liPg/Q==

jsesc@^3.0.2:
  version "3.1.0"
  resolved "https://registry.npmjs.org/jsesc/-/jsesc-3.1.0.tgz"
  integrity sha512-/sM3dO2FOzXjKQhJuo0Q173wf2KOo8t4I8vHy6lF9poUp7bKT0/NHE8fPX23PwfhnykfqnC2xRxOnVw5XuGIaA==

linkify-it@^5.0.0:
  version "5.0.0"
  resolved "https://registry.npmjs.org/linkify-it/-/linkify-it-5.0.0.tgz"
  integrity sha512-5aHCbzQRADcdP+ATqnDuhhJ/MRIqDkZX5pyjFHRRysS8vZ5AbqGEoFIb6pYHPZ+L/OC2Lc+xT8uHVVR5CAK/wQ==
  dependencies:
    uc.micro "^2.0.0"

lunr@^2.3.9:
  version "2.3.9"
  resolved "https://registry.npmjs.org/lunr/-/lunr-2.3.9.tgz"
  integrity sha512-zTU3DaZaF3Rt9rhN3uBMGQD3dD2/vFQqnvZCDv4dl5iOzq2IZQqTxu90r4E5J+nP70J3ilqVCrbho2eWaeW8Ow==

magic-string@^0.30.21:
  version "0.30.21"
  resolved "https://registry.npmjs.org/magic-string/-/magic-string-0.30.21.tgz"
  integrity sha512-vd2F4YUyEXKGcLHoq+TEyCjxueSeHnFxyyjNp80yg0XV4vUhnDer/lvvlqM/arB5bXQN5K2/3oinyCRyx8T2CQ==
  dependencies:
    "@jridgewell/sourcemap-codec" "^1.5.5"

magicast@^0.5.1:
  version "0.5.2"
  resolved "https://registry.npmjs.org/magicast/-/magicast-0.5.2.tgz"
  integrity sha512-E3ZJh4J3S9KfwdjZhe2afj6R9lGIN5Pher1pF39UGrXRqq/VDaGVIGN13BjHd2u8B61hArAGOnso7nBOouW3TQ==
  dependencies:
    "@babel/parser" "^7.29.0"
    "@babel/types" "^7.29.0"
    source-map-js "^1.2.1"

make-dir@^4.0.0:
  version "4.0.0"
  resolved "https://registry.npmjs.org/make-dir/-/make-dir-4.0.0.tgz"
  integrity sha512-hXdUTZYIVOt1Ex//jAQi+wTZZpUpwBj/0QsOzqegb3rGMMeJiSEu5xLHnYfBrRV4RH2+OCSOO95Is/7x1WJ4bw==
  dependencies:
    semver "^7.5.3"

markdown-it@^14.1.0:
  version "14.1.1"
  resolved "https://registry.npmjs.org/markdown-it/-/markdown-it-14.1.1.tgz"
  integrity sha512-BuU2qnTti9YKgK5N+IeMubp14ZUKUUw7yeJbkjtosvHiP0AZ5c8IAgEMk79D0eC8F23r4Ac/q8cAIFdm2FtyoA==
  dependencies:
    argparse "^2.0.1"
    entities "^4.4.0"
    linkify-it "^5.0.0"
    mdurl "^2.0.0"
    punycode.js "^2.3.1"
    uc.micro "^2.1.0"

mdurl@^2.0.0:
  version "2.0.0"
  resolved "https://registry.npmjs.org/mdurl/-/mdurl-2.0.0.tgz"
  integrity sha512-Lf+9+2r+Tdp5wXDXC4PcIBjTDtq4UKjCPMQhKIuzpJNW0b96kVqSwW0bT7FhRSfmAiFYgP+SCRvdrDozfh0U5w==

minimatch@^9.0.5:
  version "9.0.5"
  resolved "https://registry.npmjs.org/minimatch/-/minimatch-9.0.5.tgz"
  integrity sha512-G6T0ZX48xgozx7587koeX9Ys2NYy6Gmv//P89sEte9V9whIapMNF4idKxnW2QtCcLiTWlb/wfCabAtAFWhhBow==
  dependencies:
    brace-expansion "^2.0.1"

nanoid@^3.3.11:
  version "3.3.11"
  resolved "https://registry.npmjs.org/nanoid/-/nanoid-3.3.11.tgz"
  integrity sha512-N8SpfPUnUp1bK+PMYW8qSWdl9U+wwNWI4QKxOYDy9JAro3WMX7p2OeVRF9v+347pnakNevPmiHhNmZ2HbFA76w==

obug@^2.1.1:
  version "2.1.1"
  resolved "https://registry.npmjs.org/obug/-/obug-2.1.1.tgz"
  integrity sha512-uTqF9MuPraAQ+IsnPf366RG4cP9RtUi7MLO1N3KEc+wb0a6yKpeL0lmk2IB1jY5KHPAlTc6T/JRdC/YqxHNwkQ==

pathe@^2.0.3:
  version "2.0.3"
  resolved "https://registry.npmjs.org/pathe/-/pathe-2.0.3.tgz"
  integrity sha512-WUjGcAqP1gQacoQe+OBJsFA7Ld4DyXuUIjZ5cc75cLHvJ7dtNsTugphxIADwspS+AraAUePCKrSVtPLFj/F88w==

picocolors@^1.1.1:
  version "1.1.1"
  resolved "https://registry.npmjs.org/picocolors/-/picocolors-1.1.1.tgz"
  integrity sha512-xceH2snhtb5M9liqDsmEw56le376mTZkEX/jEb/RxNFyegNul7eNslCXP9FDj/Lcu0X8KEyMceP2ntpaHrDEVA==

"picomatch@^3 || ^4", picomatch@^4.0.3:
  version "4.0.3"
  resolved "https://registry.npmjs.org/picomatch/-/picomatch-4.0.3.tgz"
  integrity sha512-5gTmgEY/sqK6gFXLIsQNH19lWb4ebPDLA4SdLP7dsWkIXHWlG66oPuVvXSGFPppYZz8ZDZq0dYYrbHfBCVUb1Q==

postcss@^8.5.6:
  version "8.5.6"
  resolved "https://registry.npmjs.org/postcss/-/postcss-8.5.6.tgz"
  integrity sha512-3Ybi1tAuwAP9s0r1UQ2J4n5Y0G05bJkpUIO0/bI9MhwmD70S5aTWbXGBwxHrelT+XM1k6dM0pk+SwNkpTRN7Pg==
  dependencies:
    nanoid "^3.3.11"
    picocolors "^1.1.1"
    source-map-js "^1.2.1"

prettier@^3.6.2:
  version "3.6.2"
  resolved "https://registry.npmjs.org/prettier/-/prettier-3.6.2.tgz"
  integrity sha512-I7AIg5boAr5R0FFtJ6rCfD+LFsWHp81dolrFD8S79U9tb8Az2nGrJncnMSnys+bpQJfRUzqs9hnA81OAA3hCuQ==

punycode.js@^2.3.1:
  version "2.3.1"
  resolved "https://registry.npmjs.org/punycode.js/-/punycode.js-2.3.1.tgz"
  integrity sha512-uxFIHU0YlHYhDQtV4R9J6a52SLx28BCjT+4ieh7IGbgwVJWO+km431c4yRlREUAsAmt/uMjQUyQHNEPf0M39CA==

quansync@^1.0.0:
  version "1.0.0"
  resolved "https://registry.npmjs.org/quansync/-/quansync-1.0.0.tgz"
  integrity sha512-5xZacEEufv3HSTPQuchrvV6soaiACMFnq1H8wkVioctoH3TRha9Sz66lOxRwPK/qZj7HPiSveih9yAyh98gvqA==

readdirp@^5.0.0:
  version "5.0.0"
  resolved "https://registry.npmjs.org/readdirp/-/readdirp-5.0.0.tgz"
  integrity sha512-9u/XQ1pvrQtYyMpZe7DXKv2p5CNvyVwzUB6uhLAnQwHMSgKMBR62lc7AHljaeteeHXn11XTAaLLUVZYVZyuRBQ==

resolve-pkg-maps@^1.0.0:
  version "1.0.0"
  resolved "https://registry.npmjs.org/resolve-pkg-maps/-/resolve-pkg-maps-1.0.0.tgz"
  integrity sha512-seS2Tj26TBVOC2NIc2rOe2y2ZO7efxITtLZcGSOnHHNOQ7CkiUBfw0Iw2ck6xkIhPwLhKNLS8BO+hEpngQlqzw==

rolldown-plugin-dts@^0.18.1:
  version "0.18.4"
  resolved "https://registry.npmjs.org/rolldown-plugin-dts/-/rolldown-plugin-dts-0.18.4.tgz"
  integrity sha512-7UpdiICFd/BhdjKtDPeakCFRk6pbkTGFe0Z6u01egt4c8aoO+JoPGF1Smc+JRuCH2s5j5hBdteBi0e10G0xQdQ==
  dependencies:
    "@babel/generator" "^7.28.5"
    "@babel/parser" "^7.28.5"
    "@babel/types" "^7.28.5"
    ast-kit "^2.2.0"
    birpc "^4.0.0"
    dts-resolver "^2.1.3"
    get-tsconfig "^4.13.0"
    magic-string "^0.30.21"
    obug "^2.1.1"

rolldown@^1.0.0-beta.51, rolldown@1.0.0-beta.52:
  version "1.0.0-beta.52"
  resolved "https://registry.npmjs.org/rolldown/-/rolldown-1.0.0-beta.52.tgz"
  integrity sha512-Hbnpljue+JhMJrlOjQ1ixp9me7sUec7OjFvS+A1Qm8k8Xyxmw3ZhxFu7LlSXW1s9AX3POE9W9o2oqCEeR5uDmg==
  dependencies:
    "@oxc-project/types" "=0.99.0"
    "@rolldown/pluginutils" "1.0.0-beta.52"
  optionalDependencies:
    "@rolldown/binding-android-arm64" "1.0.0-beta.52"
    "@rolldown/binding-darwin-arm64" "1.0.0-beta.52"
    "@rolldown/binding-darwin-x64" "1.0.0-beta.52"
    "@rolldown/binding-freebsd-x64" "1.0.0-beta.52"
    "@rolldown/binding-linux-arm-gnueabihf" "1.0.0-beta.52"
    "@rolldown/binding-linux-arm64-gnu" "1.0.0-beta.52"
    "@rolldown/binding-linux-arm64-musl" "1.0.0-beta.52"
    "@rolldown/binding-linux-x64-gnu" "1.0.0-beta.52"
    "@rolldown/binding-linux-x64-musl" "1.0.0-beta.52"
    "@rolldown/binding-openharmony-arm64" "1.0.0-beta.52"
    "@rolldown/binding-wasm32-wasi" "1.0.0-beta.52"
    "@rolldown/binding-win32-arm64-msvc" "1.0.0-beta.52"
    "@rolldown/binding-win32-ia32-msvc" "1.0.0-beta.52"
    "@rolldown/binding-win32-x64-msvc" "1.0.0-beta.52"

rolldown@1.0.0-rc.3:
  version "1.0.0-rc.3"
  resolved "https://registry.npmjs.org/rolldown/-/rolldown-1.0.0-rc.3.tgz"
  integrity sha512-Po/YZECDOqVXjIXrtC5h++a5NLvKAQNrd9ggrIG3sbDfGO5BqTUsrI6l8zdniKRp3r5Tp/2JTrXqx4GIguFCMw==
  dependencies:
    "@oxc-project/types" "=0.112.0"
    "@rolldown/pluginutils" "1.0.0-rc.3"
  optionalDependencies:
    "@rolldown/binding-android-arm64" "1.0.0-rc.3"
    "@rolldown/binding-darwin-arm64" "1.0.0-rc.3"
    "@rolldown/binding-darwin-x64" "1.0.0-rc.3"
    "@rolldown/binding-freebsd-x64" "1.0.0-rc.3"
    "@rolldown/binding-linux-arm-gnueabihf" "1.0.0-rc.3"
    "@rolldown/binding-linux-arm64-gnu" "1.0.0-rc.3"
    "@rolldown/binding-linux-arm64-musl" "1.0.0-rc.3"
    "@rolldown/binding-linux-x64-gnu" "1.0.0-rc.3"
    "@rolldown/binding-linux-x64-musl" "1.0.0-rc.3"
    "@rolldown/binding-openharmony-arm64" "1.0.0-rc.3"
    "@rolldown/binding-wasm32-wasi" "1.0.0-rc.3"
    "@rolldown/binding-win32-arm64-msvc" "1.0.0-rc.3"
    "@rolldown/binding-win32-x64-msvc" "1.0.0-rc.3"

rollup-plugin-const-enum@^1.1.4:
  version "1.1.4"
  resolved "https://registry.npmjs.org/rollup-plugin-const-enum/-/rollup-plugin-const-enum-1.1.4.tgz"
  integrity sha512-QIzsv2XODF7WpcoEO3BHo+rQeDyoJPpNX7DTIxanj07lC0pbkjLQu64eHhgx/LUGyD57kZosE4HRErq0mZnNmA==

rollup@^4.43.0:
  version "4.57.1"
  resolved "https://registry.npmjs.org/rollup/-/rollup-4.57.1.tgz"
  integrity sha512-oQL6lgK3e2QZeQ7gcgIkS2YZPg5slw37hYufJ3edKlfQSGGm8ICoxswK15ntSzF/a8+h7ekRy7k7oWc3BQ7y8A==
  dependencies:
    "@types/estree" "1.0.8"
  optionalDependencies:
    "@rollup/rollup-android-arm-eabi" "4.57.1"
    "@rollup/rollup-android-arm64" "4.57.1"
    "@rollup/rollup-darwin-arm64" "4.57.1"
    "@rollup/rollup-darwin-x64" "4.57.1"
    "@rollup/rollup-freebsd-arm64" "4.57.1"
    "@rollup/rollup-freebsd-x64" "4.57.1"
    "@rollup/rollup-linux-arm-gnueabihf" "4.57.1"
    "@rollup/rollup-linux-arm-musleabihf" "4.57.1"
    "@rollup/rollup-linux-arm64-gnu" "4.57.1"
    "@rollup/rollup-linux-arm64-musl" "4.57.1"
    "@rollup/rollup-linux-loong64-gnu" "4.57.1"
    "@rollup/rollup-linux-loong64-musl" "4.57.1"
    "@rollup/rollup-linux-ppc64-gnu" "4.57.1"
    "@rollup/rollup-linux-ppc64-musl" "4.57.1"
    "@rollup/rollup-linux-riscv64-gnu" "4.57.1"
    "@rollup/rollup-linux-riscv64-musl" "4.57.1"
    "@rollup/rollup-linux-s390x-gnu" "4.57.1"
    "@rollup/rollup-linux-x64-gnu" "4.57.1"
    "@rollup/rollup-linux-x64-musl" "4.57.1"
    "@rollup/rollup-openbsd-x64" "4.57.1"
    "@rollup/rollup-openharmony-arm64" "4.57.1"
    "@rollup/rollup-win32-arm64-msvc" "4.57.1"
    "@rollup/rollup-win32-ia32-msvc" "4.57.1"
    "@rollup/rollup-win32-x64-gnu" "4.57.1"
    "@rollup/rollup-win32-x64-msvc" "4.57.1"
    fsevents "~2.3.2"

semver@^7.5.3, semver@^7.7.3:
  version "7.7.4"
  resolved "https://registry.npmjs.org/semver/-/semver-7.7.4.tgz"
  integrity sha512-vFKC2IEtQnVhpT78h1Yp8wzwrf8CM+MzKMHGJZfBtzhZNycRFnXsHk6E5TxIkkMsgNS7mdX3AGB7x2QM2di4lA==

siginfo@^2.0.0:
  version "2.0.0"
  resolved "https://registry.npmjs.org/siginfo/-/siginfo-2.0.0.tgz"
  integrity sha512-ybx0WO1/8bSBLEWXZvEd7gMW3Sn3JFlW3TvX1nREbDLRNQNaeNN8WK0meBwPdAaOI7TtRRRJn/Es1zhrrCHu7g==

source-map-js@^1.2.1:
  version "1.2.1"
  resolved "https://registry.npmjs.org/source-map-js/-/source-map-js-1.2.1.tgz"
  integrity sha512-UXWMKhLOwVKb728IUtQPXxfYU+usdybtUrK/8uGE8CQMvrhOpwvzDBwj0QhSL7MQc7vIsISBG8VQ8+IDQxpfQA==

stackback@0.0.2:
  version "0.0.2"
  resolved "https://registry.npmjs.org/stackback/-/stackback-0.0.2.tgz"
  integrity sha512-1XMJE5fQo1jGH6Y/7ebnwPOBEkIEnT4QF32d5R1+VXdXveM0IBMJt8zfaxX1P3QhVwrYe+576+jkANtSS2mBbw==

std-env@^3.10.0:
  version "3.10.0"
  resolved "https://registry.npmjs.org/std-env/-/std-env-3.10.0.tgz"
  integrity sha512-5GS12FdOZNliM5mAOxFRg7Ir0pWz8MdpYm6AY6VPkGpbA7ZzmbzNcBJQ0GPvvyWgcY7QAhCgf9Uy89I03faLkg==

supports-color@^7.1.0:
  version "7.2.0"
  resolved "https://registry.npmjs.org/supports-color/-/supports-color-7.2.0.tgz"
  integrity sha512-qpCAvRl9stuOHveKsn7HncJRvv501qIacKzQlO/+Lwxc9+0q2wLyv4Dfvt80/DPn2pqOBsJdDiogXGR9+OvwRw==
  dependencies:
    has-flag "^4.0.0"

tinybench@^2.9.0:
  version "2.9.0"
  resolved "https://registry.npmjs.org/tinybench/-/tinybench-2.9.0.tgz"
  integrity sha512-0+DUvqWMValLmha6lr4kD8iAMK1HzV0/aKnCtWb9v9641TnP/MFb7Pc2bxoxQjTXAErryXVgUOfv2YqNllqGeg==

tinyexec@^1.0.2:
  version "1.0.2"
  resolved "https://registry.npmjs.org/tinyexec/-/tinyexec-1.0.2.tgz"
  integrity sha512-W/KYk+NFhkmsYpuHq5JykngiOCnxeVL8v8dFnqxSD8qEEdRfXk1SDM6JzNqcERbcGYj9tMrDQBYV9cjgnunFIg==

tinyglobby@^0.2.15:
  version "0.2.15"
  resolved "https://registry.npmjs.org/tinyglobby/-/tinyglobby-0.2.15.tgz"
  integrity sha512-j2Zq4NyQYG5XMST4cbs02Ak8iJUdxRM0XI5QyxXuZOzKOINmWurp3smXu3y5wDcJrptwpSjgXHzIQxR0omXljQ==
  dependencies:
    fdir "^6.5.0"
    picomatch "^4.0.3"

tinyrainbow@^3.0.3:
  version "3.0.3"
  resolved "https://registry.npmjs.org/tinyrainbow/-/tinyrainbow-3.0.3.tgz"
  integrity sha512-PSkbLUoxOFRzJYjjxHJt9xro7D+iilgMX/C9lawzVuYiIdcihh9DXmVibBe8lmcFrRi/VzlPjBxbN7rH24q8/Q==

tree-kill@^1.2.2:
  version "1.2.2"
  resolved "https://registry.npmjs.org/tree-kill/-/tree-kill-1.2.2.tgz"
  integrity sha512-L0Orpi8qGpRG//Nd+H90vFB+3iHnue1zSSGmNOOCh1GLJ7rUKVwV2HvijphGQS2UmhUZewS9VgvxYIdgr+fG1A==

tsdown@^0.16.0:
  version "0.16.8"
  resolved "https://registry.npmjs.org/tsdown/-/tsdown-0.16.8.tgz"
  integrity sha512-6ANw9mgU9kk7SvTBKvpDu/DVJeAFECiLUSeL5M7f5Nm5H97E7ybxmXT4PQ23FySYn32y6OzjoAH/lsWCbGzfLA==
  dependencies:
    ansis "^4.2.0"
    cac "^6.7.14"
    chokidar "^5.0.0"
    diff "^8.0.2"
    empathic "^2.0.0"
    hookable "^5.5.3"
    obug "^2.1.1"
    rolldown "1.0.0-beta.52"
    rolldown-plugin-dts "^0.18.1"
    semver "^7.7.3"
    tinyexec "^1.0.2"
    tinyglobby "^0.2.15"
    tree-kill "^1.2.2"
    unconfig-core "^7.4.1"
    unrun "^0.2.13"

tslib@^2.4.0:
  version "2.8.1"
  resolved "https://registry.npmjs.org/tslib/-/tslib-2.8.1.tgz"
  integrity sha512-oJFu94HQb+KVduSUQL7wnpmqnfmLsOA/nAh6b6EH0wCEoK0/mPeXU6c3wKDV83MkOuHPRHtSXKKU99IBazS/2w==

typedoc-plugin-markdown@^4.9.0:
  version "4.10.0"
  resolved "https://registry.npmjs.org/typedoc-plugin-markdown/-/typedoc-plugin-markdown-4.10.0.tgz"
  integrity sha512-psrg8Rtnv4HPWCsoxId+MzEN8TVK5jeKCnTbnGAbTBqcDapR9hM41bJT/9eAyKn9C2MDG9Qjh3MkltAYuLDoXg==

typedoc@^0.28.14, typedoc@0.28.x:
  version "0.28.17"
  resolved "https://registry.npmjs.org/typedoc/-/typedoc-0.28.17.tgz"
  integrity sha512-ZkJ2G7mZrbxrKxinTQMjFqsCoYY6a5Luwv2GKbTnBCEgV2ihYm5CflA9JnJAwH0pZWavqfYxmDkFHPt4yx2oDQ==
  dependencies:
    "@gerrit0/mini-shiki" "^3.17.0"
    lunr "^2.3.9"
    markdown-it "^14.1.0"
    minimatch "^9.0.5"
    yaml "^2.8.1"

typescript@^5.0.0, typescript@^5.9.3, "typescript@5.0.x || 5.1.x || 5.2.x || 5.3.x || 5.4.x || 5.5.x || 5.6.x || 5.7.x || 5.8.x || 5.9.x":
  version "5.9.3"
  resolved "https://registry.npmjs.org/typescript/-/typescript-5.9.3.tgz"
  integrity sha512-jl1vZzPDinLr9eUt3J/t7V6FgNEw9QjvBPdysz9KfQDD41fQrC2Y4vKQdiaUpFT4bXlb1RHhLpp8wtm6M5TgSw==

uc.micro@^2.0.0, uc.micro@^2.1.0:
  version "2.1.0"
  resolved "https://registry.npmjs.org/uc.micro/-/uc.micro-2.1.0.tgz"
  integrity sha512-ARDJmphmdvUk6Glw7y9DQ2bFkKBHwQHLi2lsaH6PPmz/Ka9sFOBsBluozhDltWmnv9u/cF6Rt87znRTPV+yp/A==

unconfig-core@^7.4.1:
  version "7.5.0"
  resolved "https://registry.npmjs.org/unconfig-core/-/unconfig-core-7.5.0.tgz"
  integrity sha512-Su3FauozOGP44ZmKdHy2oE6LPjk51M/TRRjHv2HNCWiDvfvCoxC2lno6jevMA91MYAdCdwP05QnWdWpSbncX/w==
  dependencies:
    "@quansync/fs" "^1.0.0"
    quansync "^1.0.0"

undici-types@~7.10.0:
  version "7.10.0"
  resolved "https://registry.npmjs.org/undici-types/-/undici-types-7.10.0.tgz"
  integrity sha512-t5Fy/nfn+14LuOc2KNYg75vZqClpAiqscVvMygNnlsHBFpSXdJaYtXMcdNLpl/Qvc3P2cB3s6lOV51nqsFq4ag==

unrun@^0.2.13:
  version "0.2.27"
  resolved "https://registry.npmjs.org/unrun/-/unrun-0.2.27.tgz"
  integrity sha512-Mmur1UJpIbfxasLOhPRvox/QS4xBiDii71hMP7smfRthGcwFL2OAmYRgduLANOAU4LUkvVamuP+02U+c90jlrw==
  dependencies:
    rolldown "1.0.0-rc.3"

"vite@^6.0.0 || ^7.0.0", "vite@^6.0.0 || ^7.0.0-0":
  version "7.3.1"
  resolved "https://registry.npmjs.org/vite/-/vite-7.3.1.tgz"
  integrity sha512-w+N7Hifpc3gRjZ63vYBXA56dvvRlNWRczTdmCBBa+CotUzAPf5b7YMdMR/8CQoeYE5LX3W4wj6RYTgonm1b9DA==
  dependencies:
    esbuild "^0.27.0"
    fdir "^6.5.0"
    picomatch "^4.0.3"
    postcss "^8.5.6"
    rollup "^4.43.0"
    tinyglobby "^0.2.15"
  optionalDependencies:
    fsevents "~2.3.3"

vitest@^4.0.7, vitest@4.0.18:
  version "4.0.18"
  resolved "https://registry.npmjs.org/vitest/-/vitest-4.0.18.tgz"
  integrity sha512-hOQuK7h0FGKgBAas7v0mSAsnvrIgAvWmRFjmzpJ7SwFHH3g1k2u37JtYwOwmEKhK6ZO3v9ggDBBm0La1LCK4uQ==
  dependencies:
    "@vitest/expect" "4.0.18"
    "@vitest/mocker" "4.0.18"
    "@vitest/pretty-format" "4.0.18"
    "@vitest/runner" "4.0.18"
    "@vitest/snapshot" "4.0.18"
    "@vitest/spy" "4.0.18"
    "@vitest/utils" "4.0.18"
    es-module-lexer "^1.7.0"
    expect-type "^1.2.2"
    magic-string "^0.30.21"
    obug "^2.1.1"
    pathe "^2.0.3"
    picomatch "^4.0.3"
    std-env "^3.10.0"
    tinybench "^2.9.0"
    tinyexec "^1.0.2"
    tinyglobby "^0.2.15"
    tinyrainbow "^3.0.3"
    vite "^6.0.0 || ^7.0.0"
    why-is-node-running "^2.3.0"

why-is-node-running@^2.3.0:
  version "2.3.0"
  resolved "https://registry.npmjs.org/why-is-node-running/-/why-is-node-running-2.3.0.tgz"
  integrity sha512-hUrmaWBdVDcxvYqnyh09zunKzROWjbZTiNy8dBEjkS7ehEDQibXJ7XvlmtbwuTclUiIyN+CyXQD4Vmko8fNm8w==
  dependencies:
    siginfo "^2.0.0"
    stackback "0.0.2"

yaml@^2.4.2, yaml@^2.8.1:
  version "2.8.2"
  resolved "https://registry.npmjs.org/yaml/-/yaml-2.8.2.tgz"
  integrity sha512-mplynKqc1C2hTVYxd0PU2xQAc22TI1vShAYGksCCfxbn/dFwnHTNi1bvYsBTkhdUNtGIf5xNOg938rrSSYvS9A==
